// !$*UTF8*$!
{
	archiveVersion = 1;
	classes = {
	};
	objectVersion = 55;
	objects = {

/* Begin PBXBuildFile section */
		A885AC1E290EE137005F7935 /* AppDelegate.swift in Sources */ = {isa = PBXBuildFile; fileRef = A885AC1D290EE137005F7935 /* AppDelegate.swift */; };
		A885AC20290EE137005F7935 /* SceneDelegate.swift in Sources */ = {isa = PBXBuildFile; fileRef = A885AC1F290EE137005F7935 /* SceneDelegate.swift */; };
		A885AC22290EE137005F7935 /* ViewController.swift in Sources */ = {isa = PBXBuildFile; fileRef = A885AC21290EE137005F7935 /* ViewController.swift */; };
		A885AC25290EE137005F7935 /* Main.storyboard in Resources */ = {isa = PBXBuildFile; fileRef = A885AC23290EE137005F7935 /* Main.storyboard */; };
		A885AC28290EE137005F7935 /* TravelBook.xcdatamodeld in Sources */ = {isa = PBXBuildFile; fileRef = A885AC26290EE137005F7935 /* TravelBook.xcdatamodeld */; };
		A885AC2A290EE138005F7935 /* Assets.xcassets in Resources */ = {isa = PBXBuildFile; fileRef = A885AC29290EE138005F7935 /* Assets.xcassets */; };
		A885AC2D290EE138005F7935 /* LaunchScreen.storyboard in Resources */ = {isa = PBXBuildFile; fileRef = A885AC2B290EE138005F7935 /* LaunchScreen.storyboard */; };
		A885AC38290EE138005F7935 /* TravelBookTests.swift in Sources */ = {isa = PBXBuildFile; fileRef = A885AC37290EE138005F7935 /* TravelBookTests.swift */; };
		A885AC42290EE138005F7935 /* TravelBookUITests.swift in Sources */ = {isa = PBXBuildFile; fileRef = A885AC41290EE138005F7935 /* TravelBookUITests.swift */; };
		A885AC44290EE138005F7935 /* TravelBookUITestsLaunchTests.swift in Sources */ = {isa = PBXBuildFile; fileRef = A885AC43290EE138005F7935 /* TravelBookUITestsLaunchTests.swift */; };
		A885AC5129101BE5005F7935 /* ListViewController.swift in Sources */ = {isa = PBXBuildFile; fileRef = A885AC5029101BE5005F7935 /* ListViewController.swift */; };
/* End PBXBuildFile section */

/* Begin PBXContainerItemProxy section */
		A885AC34290EE138005F7935 /* PBXContainerItemProxy */ = {
			isa = PBXContainerItemProxy;
			containerPortal = A885AC12290EE136005F7935 /* Project object */;
			proxyType = 1;
			remoteGlobalIDString = A885AC19290EE137005F7935;
			remoteInfo = TravelBook;
		};
		A885AC3E290EE138005F7935 /* PBXContainerItemProxy */ = {
			isa = PBXContainerItemProxy;
			containerPortal = A885AC12290EE136005F7935 /* Project object */;
			proxyType = 1;
			remoteGlobalIDString = A885AC19290EE137005F7935;
			remoteInfo = TravelBook;
		};
/* End PBXContainerItemProxy section */

/* Begin PBXFileReference section */
		A885AC1A290EE137005F7935 /* TravelBook.app */ = {isa = PBXFileReference; explicitFileType = wrapper.application; includeInIndex = 0; path = TravelBook.app; sourceTree = BUILT_PRODUCTS_DIR; };
		A885AC1D290EE137005F7935 /* AppDelegate.swift */ = {isa = PBXFileReference; lastKnownFileType = sourcecode.swift; path = AppDelegate.swift; sourceTree = "<group>"; };
		A885AC1F290EE137005F7935 /* SceneDelegate.swift */ = {isa = PBXFileReference; lastKnownFileType = sourcecode.swift; path = SceneDelegate.swift; sourceTree = "<group>"; };
		A885AC21290EE137005F7935 /* ViewController.swift */ = {isa = PBXFileReference; lastKnownFileType = sourcecode.swift; path = ViewController.swift; sourceTree = "<group>"; };
		A885AC24290EE137005F7935 /* Base */ = {isa = PBXFileReference; lastKnownFileType = file.storyboard; name = Base; path = Base.lproj/Main.storyboard; sourceTree = "<group>"; };
		A885AC27290EE137005F7935 /* TravelBook.xcdatamodel */ = {isa = PBXFileReference; lastKnownFileType = wrapper.xcdatamodel; path = TravelBook.xcdatamodel; sourceTree = "<group>"; };
		A885AC29290EE138005F7935 /* Assets.xcassets */ = {isa = PBXFileReference; lastKnownFileType = folder.assetcatalog; path = Assets.xcassets; sourceTree = "<group>"; };
		A885AC2C290EE138005F7935 /* Base */ = {isa = PBXFileReference; lastKnownFileType = file.storyboard; name = Base; path = Base.lproj/LaunchScreen.storyboard; sourceTree = "<group>"; };
		A885AC2E290EE138005F7935 /* Info.plist */ = {isa = PBXFileReference; lastKnownFileType = text.plist.xml; path = Info.plist; sourceTree = "<group>"; };
		A885AC33290EE138005F7935 /* TravelBookTests.xctest */ = {isa = PBXFileReference; explicitFileType = wrapper.cfbundle; includeInIndex = 0; path = TravelBookTests.xctest; sourceTree = BUILT_PRODUCTS_DIR; };
		A885AC37290EE138005F7935 /* TravelBookTests.swift */ = {isa = PBXFileReference; lastKnownFileType = sourcecode.swift; path = TravelBookTests.swift; sourceTree = "<group>"; };
		A885AC3D290EE138005F7935 /* TravelBookUITests.xctest */ = {isa = PBXFileReference; explicitFileType = wrapper.cfbundle; includeInIndex = 0; path = TravelBookUITests.xctest; sourceTree = BUILT_PRODUCTS_DIR; };
		A885AC41290EE138005F7935 /* TravelBookUITests.swift */ = {isa = PBXFileReference; lastKnownFileType = sourcecode.swift; path = TravelBookUITests.swift; sourceTree = "<group>"; };
		A885AC43290EE138005F7935 /* TravelBookUITestsLaunchTests.swift */ = {isa = PBXFileReference; lastKnownFileType = sourcecode.swift; path = TravelBookUITestsLaunchTests.swift; sourceTree = "<group>"; };
		A885AC5029101BE5005F7935 /* ListViewController.swift */ = {isa = PBXFileReference; lastKnownFileType = sourcecode.swift; path = ListViewController.swift; sourceTree = "<group>"; };
/* End PBXFileReference section */

/* Begin PBXFrameworksBuildPhase section */
		A885AC17290EE137005F7935 /* Frameworks */ = {
			isa = PBXFrameworksBuildPhase;
			buildActionMask = 2147483647;
			files = (
			);
			runOnlyForDeploymentPostprocessing = 0;
		};
		A885AC30290EE138005F7935 /* Frameworks */ = {
			isa = PBXFrameworksBuildPhase;
			buildActionMask = 2147483647;
			files = (
			);
			runOnlyForDeploymentPostprocessing = 0;
		};
		A885AC3A290EE138005F7935 /* Frameworks */ = {
			isa = PBXFrameworksBuildPhase;
			buildActionMask = 2147483647;
			files = (
			);
			runOnlyForDeploymentPostprocessing = 0;
		};
/* End PBXFrameworksBuildPhase section */

/* Begin PBXGroup section */
		A885AC11290EE136005F7935 = {
			isa = PBXGroup;
			children = (
				A885AC1C290EE137005F7935 /* TravelBook */,
				A885AC36290EE138005F7935 /* TravelBookTests */,
				A885AC40290EE138005F7935 /* TravelBookUITests */,
				A885AC1B290EE137005F7935 /* Products */,
			);
			sourceTree = "<group>";
		};
		A885AC1B290EE137005F7935 /* Products */ = {
			isa = PBXGroup;
			children = (
				A885AC1A290EE137005F7935 /* TravelBook.app */,
				A885AC33290EE138005F7935 /* TravelBookTests.xctest */,
				A885AC3D290EE138005F7935 /* TravelBookUITests.xctest */,
			);
			name = Products;
			sourceTree = "<group>";
		};
		A885AC1C290EE137005F7935 /* TravelBook */ = {
			isa = PBXGroup;
			children = (
				A885AC1D290EE137005F7935 /* AppDelegate.swift */,
				A885AC1F290EE137005F7935 /* SceneDelegate.swift */,
				A885AC21290EE137005F7935 /* ViewController.swift */,
				A885AC5029101BE5005F7935 /* ListViewController.swift */,
				A885AC26290EE137005F7935 /* TravelBook.xcdatamodeld */,
				A885AC23290EE137005F7935 /* Main.storyboard */,
				A885AC29290EE138005F7935 /* Assets.xcassets */,
				A885AC2B290EE138005F7935 /* LaunchScreen.storyboard */,
				A885AC2E290EE138005F7935 /* Info.plist */,
			);
			path = TravelBook;
			sourceTree = "<group>";
		};
		A885AC36290EE138005F7935 /* TravelBookTests */ = {
			isa = PBXGroup;
			children = (
				A885AC37290EE138005F7935 /* TravelBookTests.swift */,
			);
			path = TravelBookTests;
			sourceTree = "<group>";
		};
		A885AC40290EE138005F7935 /* TravelBookUITests */ = {
			isa = PBXGroup;
			children = (
				A885AC41290EE138005F7935 /* TravelBookUITests.swift */,
				A885AC43290EE138005F7935 /* TravelBookUITestsLaunchTests.swift */,
			);
			path = TravelBookUITests;
			sourceTree = "<group>";
		};
/* End PBXGroup section */

/* Begin PBXNativeTarget section */
		A885AC19290EE137005F7935 /* TravelBook */ = {
			isa = PBXNativeTarget;
			buildConfigurationList = A885AC47290EE138005F7935 /* Build configuration list for PBXNativeTarget "TravelBook" */;
			buildPhases = (
				A885AC16290EE137005F7935 /* Sources */,
				A885AC17290EE137005F7935 /* Frameworks */,
				A885AC18290EE137005F7935 /* Resources */,
			);
			buildRules = (
			);
			dependencies = (
			);
			name = TravelBook;
			productName = TravelBook;
			productReference = A885AC1A290EE137005F7935 /* TravelBook.app */;
			productType = "com.apple.product-type.application";
		};
		A885AC32290EE138005F7935 /* TravelBookTests */ = {
			isa = PBXNativeTarget;
			buildConfigurationList = A885AC4A290EE138005F7935 /* Build configuration list for PBXNativeTarget "TravelBookTests" */;
			buildPhases = (
				A885AC2F290EE138005F7935 /* Sources */,
				A885AC30290EE138005F7935 /* Frameworks */,
				A885AC31290EE138005F7935 /* Resources */,
			);
			buildRules = (
			);
			dependencies = (
				A885AC35290EE138005F7935 /* PBXTargetDependency */,
			);
			name = TravelBookTests;
			productName = TravelBookTests;
			productReference = A885AC33290EE138005F7935 /* TravelBookTests.xctest */;
			productType = "com.apple.product-type.bundle.unit-test";
		};
		A885AC3C290EE138005F7935 /* TravelBookUITests */ = {
			isa = PBXNativeTarget;
			buildConfigurationList = A885AC4D290EE138005F7935 /* Build configuration list for PBXNativeTarget "TravelBookUITests" */;
			buildPhases = (
				A885AC39290EE138005F7935 /* Sources */,
				A885AC3A290EE138005F7935 /* Frameworks */,
				A885AC3B290EE138005F7935 /* Resources */,
			);
			buildRules = (
			);
			dependencies = (
				A885AC3F290EE138005F7935 /* PBXTargetDependency */,
			);
			name = TravelBookUITests;
			productName = TravelBookUITests;
			productReference = A885AC3D290EE138005F7935 /* TravelBookUITests.xctest */;
			productType = "com.apple.product-type.bundle.ui-testing";
		};
/* End PBXNativeTarget section */

/* Begin PBXProject section */
		A885AC12290EE136005F7935 /* Project object */ = {
			isa = PBXProject;
			attributes = {
				BuildIndependentTargetsInParallel = 1;
				LastSwiftUpdateCheck = 1320;
				LastUpgradeCheck = 1320;
				TargetAttributes = {
					A885AC19290EE137005F7935 = {
						CreatedOnToolsVersion = 13.2;
					};
					A885AC32290EE138005F7935 = {
						CreatedOnToolsVersion = 13.2;
						TestTargetID = A885AC19290EE137005F7935;
					};
					A885AC3C290EE138005F7935 = {
						CreatedOnToolsVersion = 13.2;
						TestTargetID = A885AC19290EE137005F7935;
					};
				};
			};
			buildConfigurationList = A885AC15290EE136005F7935 /* Build configuration list for PBXProject "TravelBook" */;
			compatibilityVersion = "Xcode 13.0";
			developmentRegion = en;
			hasScannedForEncodings = 0;
			knownRegions = (
				en,
				Base,
			);
			mainGroup = A885AC11290EE136005F7935;
			productRefGroup = A885AC1B290EE137005F7935 /* Products */;
			projectDirPath = "";
			projectRoot = "";
			targets = (
				A885AC19290EE137005F7935 /* TravelBook */,
				A885AC32290EE138005F7935 /* TravelBookTests */,
				A885AC3C290EE138005F7935 /* TravelBookUITests */,
			);
		};
/* End PBXProject section */

/* Begin PBXResourcesBuildPhase section */
		A885AC18290EE137005F7935 /* Resources */ = {
			isa = PBXResourcesBuildPhase;
			buildActionMask = 2147483647;
			files = (
				A885AC2D290EE138005F7935 /* LaunchScreen.storyboard in Resources */,
				A885AC2A290EE138005F7935 /* Assets.xcassets in Resources */,
				A885AC25290EE137005F7935 /* Main.storyboard in Resources */,
			);
			runOnlyForDeploymentPostprocessing = 0;
		};
		A885AC31290EE138005F7935 /* Resources */ = {
			isa = PBXResourcesBuildPhase;
			buildActionMask = 2147483647;
			files = (
			);
			runOnlyForDeploymentPostprocessing = 0;
		};
		A885AC3B290EE138005F7935 /* Resources */ = {
			isa = PBXResourcesBuildPhase;
			buildActionMask = 2147483647;
			files = (
			);
			runOnlyForDeploymentPostprocessing = 0;
		};
/* End PBXResourcesBuildPhase section */

/* Begin PBXSourcesBuildPhase section */
		A885AC16290EE137005F7935 /* Sources */ = {
			isa = PBXSourcesBuildPhase;
			buildActionMask = 2147483647;
			files = (
				A885AC28290EE137005F7935 /* TravelBook.xcdatamodeld in Sources */,
				A885AC22290EE137005F7935 /* ViewController.swift in Sources */,
				A885AC1E290EE137005F7935 /* AppDelegate.swift in Sources */,
				A885AC5129101BE5005F7935 /* ListViewController.swift in Sources */,
				A885AC20290EE137005F7935 /* SceneDelegate.swift in Sources */,
			);
			runOnlyForDeploymentPostprocessing = 0;
		};
		A885AC2F290EE138005F7935 /* Sources */ = {
			isa = PBXSourcesBuildPhase;
			buildActionMask = 2147483647;
			files = (
				A885AC38290EE138005F7935 /* TravelBookTests.swift in Sources */,
			);
			runOnlyForDeploymentPostprocessing = 0;
		};
		A885AC39290EE138005F7935 /* Sources */ = {
			isa = PBXSourcesBuildPhase;
			buildActionMask = 2147483647;
			files = (
				A885AC42290EE138005F7935 /* TravelBookUITests.swift in Sources */,
				A885AC44290EE138005F7935 /* TravelBookUITestsLaunchTests.swift in Sources */,
			);
			runOnlyForDeploymentPostprocessing = 0;
		};
/* End PBXSourcesBuildPhase section */

/* Begin PBXTargetDependency section */
		A885AC35290EE138005F7935 /* PBXTargetDependency */ = {
			isa = PBXTargetDependency;
			target = A885AC19290EE137005F7935 /* TravelBook */;
			targetProxy = A885AC34290EE138005F7935 /* PBXContainerItemProxy */;
		};
		A885AC3F290EE138005F7935 /* PBXTargetDependency */ = {
			isa = PBXTargetDependency;
			target = A885AC19290EE137005F7935 /* TravelBook */;
			targetProxy = A885AC3E290EE138005F7935 /* PBXContainerItemProxy */;
		};
/* End PBXTargetDependency section */

/* Begin PBXVariantGroup section */
		A885AC23290EE137005F7935 /* Main.storyboard */ = {
			isa = PBXVariantGroup;
			children = (
				A885AC24290EE137005F7935 /* Base */,
			);
			name = Main.storyboard;
			sourceTree = "<group>";
		};
		A885AC2B290EE138005F7935 /* LaunchScreen.storyboard */ = {
			isa = PBXVariantGroup;
			children = (
				A885AC2C290EE138005F7935 /* Base */,
			);
			name = LaunchScreen.storyboard;
			sourceTree = "<group>";
		};
/* End PBXVariantGroup section */

/* Begin XCBuildConfiguration section */
		A885AC45290EE138005F7935 /* Debug */ = {
			isa = XCBuildConfiguration;
			buildSettings = {
				ALWAYS_SEARCH_USER_PATHS = NO;
				CLANG_ANALYZER_NONNULL = YES;
				CLANG_ANALYZER_NUMBER_OBJECT_CONVERSION = YES_AGGRESSIVE;
				CLANG_CXX_LANGUAGE_STANDARD = "gnu++17";
				CLANG_CXX_LIBRARY = "libc++";
				CLANG_ENABLE_MODULES = YES;
				CLANG_ENABLE_OBJC_ARC = YES;
				CLANG_ENABLE_OBJC_WEAK = YES;
				CLANG_WARN_BLOCK_CAPTURE_AUTORELEASING = YES;
				CLANG_WARN_BOOL_CONVERSION = YES;
				CLANG_WARN_COMMA = YES;
				CLANG_WARN_CONSTANT_CONVERSION = YES;
				CLANG_WARN_DEPRECATED_OBJC_IMPLEMENTATIONS = YES;
				CLANG_WARN_DIRECT_OBJC_ISA_USAGE = YES_ERROR;
				CLANG_WARN_DOCUMENTATION_COMMENTS = YES;
				CLANG_WARN_EMPTY_BODY = YES;
				CLANG_WARN_ENUM_CONVERSION = YES;
				CLANG_WARN_INFINITE_RECURSION = YES;
				CLANG_WARN_INT_CONVERSION = YES;
				CLANG_WARN_NON_LITERAL_NULL_CONVERSION = YES;
				CLANG_WARN_OBJC_IMPLICIT_RETAIN_SELF = YES;
				CLANG_WARN_OBJC_LITERAL_CONVERSION = YES;
				CLANG_WARN_OBJC_ROOT_CLASS = YES_ERROR;
				CLANG_WARN_QUOTED_INCLUDE_IN_FRAMEWORK_HEADER = YES;
				CLANG_WARN_RANGE_LOOP_ANALYSIS = YES;
				CLANG_WARN_STRICT_PROTOTYPES = YES;
				CLANG_WARN_SUSPICIOUS_MOVE = YES;
				CLANG_WARN_UNGUARDED_AVAILABILITY = YES_AGGRESSIVE;
				CLANG_WARN_UNREACHABLE_CODE = YES;
				CLANG_WARN__DUPLICATE_METHOD_MATCH = YES;
				COPY_PHASE_STRIP = NO;
				DEBUG_INFORMATION_FORMAT = dwarf;
				ENABLE_STRICT_OBJC_MSGSEND = YES;
				ENABLE_TESTABILITY = YES;
				GCC_C_LANGUAGE_STANDARD = gnu11;
				GCC_DYNAMIC_NO_PIC = NO;
				GCC_NO_COMMON_BLOCKS = YES;
				GCC_OPTIMIZATION_LEVEL = 0;
				GCC_PREPROCESSOR_DEFINITIONS = (
					"DEBUG=1",
					"$(inherited)",
				);
				GCC_WARN_64_TO_32_BIT_CONVERSION = YES;
				GCC_WARN_ABOUT_RETURN_TYPE = YES_ERROR;
				GCC_WARN_UNDECLARED_SELECTOR = YES;
				GCC_WARN_UNINITIALIZED_AUTOS = YES_AGGRESSIVE;
				GCC_WARN_UNUSED_FUNCTION = YES;
				GCC_WARN_UNUSED_VARIABLE = YES;
				IPHONEOS_DEPLOYMENT_TARGET = 15.2;
				MTL_ENABLE_DEBUG_INFO = INCLUDE_SOURCE;
				MTL_FAST_MATH = YES;
				ONLY_ACTIVE_ARCH = YES;
				SDKROOT = iphoneos;
				SWIFT_ACTIVE_COMPILATION_CONDITIONS = DEBUG;
				SWIFT_OPTIMIZATION_LEVEL = "-Onone";
			};
			name = Debug;
		};
		A885AC46290EE138005F7935 /* Release */ = {
			isa = XCBuildConfiguration;
			buildSettings = {
				ALWAYS_SEARCH_USER_PATHS = NO;
				CLANG_ANALYZER_NONNULL = YES;
				CLANG_ANALYZER_NUMBER_OBJECT_CONVERSION = YES_AGGRESSIVE;
				CLANG_CXX_LANGUAGE_STANDARD = "gnu++17";
				CLANG_CXX_LIBRARY = "libc++";
				CLANG_ENABLE_MODULES = YES;
				CLANG_ENABLE_OBJC_ARC = YES;
				CLANG_ENABLE_OBJC_WEAK = YES;
				CLANG_WARN_BLOCK_CAPTURE_AUTORELEASING = YES;
				CLANG_WARN_BOOL_CONVERSION = YES;
				CLANG_WARN_COMMA = YES;
				CLANG_WARN_CONSTANT_CONVERSION = YES;
				CLANG_WARN_DEPRECATED_OBJC_IMPLEMENTATIONS = YES;
				CLANG_WARN_DIRECT_OBJC_ISA_USAGE = YES_ERROR;
				CLANG_WARN_DOCUMENTATION_COMMENTS = YES;
				CLANG_WARN_EMPTY_BODY = YES;
				CLANG_WARN_ENUM_CONVERSION = YES;
				CLANG_WARN_INFINITE_RECURSION = YES;
				CLANG_WARN_INT_CONVERSION = YES;
				CLANG_WARN_NON_LITERAL_NULL_CONVERSION = YES;
				CLANG_WARN_OBJC_IMPLICIT_RETAIN_SELF = YES;
				CLANG_WARN_OBJC_LITERAL_CONVERSION = YES;
				CLANG_WARN_OBJC_ROOT_CLASS = YES_ERROR;
				CLANG_WARN_QUOTED_INCLUDE_IN_FRAMEWORK_HEADER = YES;
				CLANG_WARN_RANGE_LOOP_ANALYSIS = YES;
				CLANG_WARN_STRICT_PROTOTYPES = YES;
				CLANG_WARN_SUSPICIOUS_MOVE = YES;
				CLANG_WARN_UNGUARDED_AVAILABILITY = YES_AGGRESSIVE;
				CLANG_WARN_UNREACHABLE_CODE = YES;
				CLANG_WARN__DUPLICATE_METHOD_MATCH = YES;
				COPY_PHASE_STRIP = NO;
				DEBUG_INFORMATION_FORMAT = "dwarf-with-dsym";
				ENABLE_NS_ASSERTIONS = NO;
				ENABLE_STRICT_OBJC_MSGSEND = YES;
				GCC_C_LANGUAGE_STANDARD = gnu11;
				GCC_NO_COMMON_BLOCKS = YES;
				GCC_WARN_64_TO_32_BIT_CONVERSION = YES;
				GCC_WARN_ABOUT_RETURN_TYPE = YES_ERROR;
				GCC_WARN_UNDECLARED_SELECTOR = YES;
				GCC_WARN_UNINITIALIZED_AUTOS = YES_AGGRESSIVE;
				GCC_WARN_UNUSED_FUNCTION = YES;
				GCC_WARN_UNUSED_VARIABLE = YES;
				IPHONEOS_DEPLOYMENT_TARGET = 15.2;
				MTL_ENABLE_DEBUG_INFO = NO;
				MTL_FAST_MATH = YES;
				SDKROOT = iphoneos;
				SWIFT_COMPILATION_MODE = wholemodule;
				SWIFT_OPTIMIZATION_LEVEL = "-O";
				VALIDATE_PRODUCT = YES;
			};
			name = Release;
		};
		A885AC48290EE138005F7935 /* Debug */ = {
			isa = XCBuildConfiguration;
			buildSettings = {
				ASSETCATALOG_COMPILER_APPICON_NAME = AppIcon;
				ASSETCATALOG_COMPILER_GLOBAL_ACCENT_COLOR_NAME = AccentColor;
				CODE_SIGN_STYLE = Automatic;
				CURRENT_PROJECT_VERSION = 1;
				DEVELOPMENT_TEAM = 3754XH4V96;
				GENERATE_INFOPLIST_FILE = YES;
				INFOPLIST_FILE = TravelBook/Info.plist;
				INFOPLIST_KEY_UIApplicationSupportsIndirectInputEvents = YES;
				INFOPLIST_KEY_UILaunchStoryboardName = LaunchScreen;
				INFOPLIST_KEY_UIMainStoryboardFile = Main;
				INFOPLIST_KEY_UISupportedInterfaceOrientations_iPad = "UIInterfaceOrientationPortrait UIInterfaceOrientationPortraitUpsideDown UIInterfaceOrientationLandscapeLeft UIInterfaceOrientationLandscapeRight";
				INFOPLIST_KEY_UISupportedInterfaceOrientations_iPhone = "UIInterfaceOrientationPortrait UIInterfaceOrientationLandscapeLeft UIInterfaceOrientationLandscapeRight";
				LD_RUNPATH_SEARCH_PATHS = (
					"$(inherited)",
					"@executable_path/Frameworks",
				);
				MARKETING_VERSION = 1.0;
				PRODUCT_BUNDLE_IDENTIFIER = com.onursir.TravelBook;
				PRODUCT_NAME = "$(TARGET_NAME)";
				SWIFT_EMIT_LOC_STRINGS = YES;
				SWIFT_VERSION = 5.0;
				TARGETED_DEVICE_FAMILY = "1,2";
			};
			name = Debug;
		};
		A885AC49290EE138005F7935 /* Release */ = {
			isa = XCBuildConfiguration;
			buildSettings = {
				ASSETCATALOG_COMPILER_APPICON_NAME = AppIcon;
				ASSETCATALOG_COMPILER_GLOBAL_ACCENT_COLOR_NAME = AccentColor;
				CODE_SIGN_STYLE = Automatic;
				CURRENT_PROJECT_VERSION = 1;
				DEVELOPMENT_TEAM = 3754XH4V96;
				GENERATE_INFOPLIST_FILE = YES;
				INFOPLIST_FILE = TravelBook/Info.plist;
				INFOPLIST_KEY_UIApplicationSupportsIndirectInputEvents = YES;
				INFOPLIST_KEY_UILaunchStoryboardName = LaunchScreen;
				INFOPLIST_KEY_UIMainStoryboardFile = Main;
				INFOPLIST_KEY_UISupportedInterfaceOrientations_iPad = "UIInterfaceOrientationPortrait UIInterfaceOrientationPortraitUpsideDown UIInterfaceOrientationLandscapeLeft UIInterfaceOrientationLandscapeRight";
				INFOPLIST_KEY_UISupportedInterfaceOrientations_iPhone = "UIInterfaceOrientationPortrait UIInterfaceOrientationLandscapeLeft UIInterfaceOrientationLandscapeRight";
				LD_RUNPATH_SEARCH_PATHS = (
					"$(inherited)",
					"@executable_path/Frameworks",
				);
				MARKETING_VERSION = 1.0;
				PRODUCT_BUNDLE_IDENTIFIER = com.onursir.TravelBook;
				PRODUCT_NAME = "$(TARGET_NAME)";
				SWIFT_EMIT_LOC_STRINGS = YES;
				SWIFT_VERSION = 5.0;
				TARGETED_DEVICE_FAMILY = "1,2";
			};
			name = Release;
		};
		A885AC4B290EE138005F7935 /* Debug */ = {
			isa = XCBuildConfiguration;
			buildSettings = {
				ALWAYS_EMBED_SWIFT_STANDARD_LIBRARIES = YES;
				BUNDLE_LOADER = "$(TEST_HOST)";
				CODE_SIGN_STYLE = Automatic;
				CURRENT_PROJECT_VERSION = 1;
				DEVELOPMENT_TEAM = 3754XH4V96;
				GENERATE_INFOPLIST_FILE = YES;
				IPHONEOS_DEPLOYMENT_TARGET = 15.2;
				MARKETING_VERSION = 1.0;
				PRODUCT_BUNDLE_IDENTIFIER = com.onursir.TravelBookTests;
				PRODUCT_NAME = "$(TARGET_NAME)";
				SWIFT_EMIT_LOC_STRINGS = NO;
				SWIFT_VERSION = 5.0;
				TARGETED_DEVICE_FAMILY = "1,2";
				TEST_HOST = "$(BUILT_PRODUCTS_DIR)/TravelBook.app/TravelBook";
			};
			name = Debug;
		};
		A885AC4C290EE138005F7935 /* Release */ = {
			isa = XCBuildConfiguration;
			buildSettings = {
				ALWAYS_EMBED_SWIFT_STANDARD_LIBRARIES = YES;
				BUNDLE_LOADER = "$(TEST_HOST)";
				CODE_SIGN_STYLE = Automatic;
				CURRENT_PROJECT_VERSION = 1;
				DEVELOPMENT_TEAM = 3754XH4V96;
				GENERATE_INFOPLIST_FILE = YES;
				IPHONEOS_DEPLOYMENT_TARGET = 15.2;
				MARKETING_VERSION = 1.0;
				PRODUCT_BUNDLE_IDENTIFIER = com.onursir.TravelBookTests;
				PRODUCT_NAME = "$(TARGET_NAME)";
				SWIFT_EMIT_LOC_STRINGS = NO;
				SWIFT_VERSION = 5.0;
				TARGETED_DEVICE_FAMILY = "1,2";
				TEST_HOST = "$(BUILT_PRODUCTS_DIR)/TravelBook.app/TravelBook";
			};
			name = Release;
		};
		A885AC4E290EE138005F7935 /* Debug */ = {
			isa = XCBuildConfiguration;
			buildSettings = {
				ALWAYS_EMBED_SWIFT_STANDARD_LIBRARIES = YES;
				CODE_SIGN_STYLE = Automatic;
				CURRENT_PROJECT_VERSION = 1;
				DEVELOPMENT_TEAM = 3754XH4V96;
				GENERATE_INFOPLIST_FILE = YES;
				MARKETING_VERSION = 1.0;
				PRODUCT_BUNDLE_IDENTIFIER = com.onursir.TravelBookUITests;
				PRODUCT_NAME = "$(TARGET_NAME)";
				SWIFT_EMIT_LOC_STRINGS = NO;
				SWIFT_VERSION = 5.0;
				TARGETED_DEVICE_FAMILY = "1,2";
				TEST_TARGET_NAME = TravelBook;
			};
			name = Debug;
		};
		A885AC4F290EE138005F7935 /* Release */ = {
			isa = XCBuildConfiguration;
			buildSettings = {
				ALWAYS_EMBED_SWIFT_STANDARD_LIBRARIES = YES;
				CODE_SIGN_STYLE = Automatic;
				CURRENT_PROJECT_VERSION = 1;
				DEVELOPMENT_TEAM = 3754XH4V96;
				GENERATE_INFOPLIST_FILE = YES;
				MARKETING_VERSION = 1.0;
				PRODUCT_BUNDLE_IDENTIFIER = com.onursir.TravelBookUITests;
				PRODUCT_NAME = "$(TARGET_NAME)";
				SWIFT_EMIT_LOC_STRINGS = NO;
				SWIFT_VERSION = 5.0;
				TARGETED_DEVICE_FAMILY = "1,2";
				TEST_TARGET_NAME = TravelBook;
			};
			name = Release;
		};
/* End XCBuildConfiguration section */

/* Begin XCConfigurationList section */
		A885AC15290EE136005F7935 /* Build configuration list for PBXProject "TravelBook" */ = {
			isa = XCConfigurationList;
			buildConfigurations = (
				A885AC45290EE138005F7935 /* Debug */,
				A885AC46290EE138005F7935 /* Release */,
			);
			defaultConfigurationIsVisible = 0;
			defaultConfigurationName = Release;
		};
		A885AC47290EE138005F7935 /* Build configuration list for PBXNativeTarget "TravelBook" */ = {
			isa = XCConfigurationList;
			buildConfigurations = (
				A885AC48290EE138005F7935 /* Debug */,
				A885AC49290EE138005F7935 /* Release */,
			);
			defaultConfigurationIsVisible = 0;
			defaultConfigurationName = Release;
		};
		A885AC4A290EE138005F7935 /* Build configuration list for PBXNativeTarget "TravelBookTests" */ = {
			isa = XCConfigurationList;
			buildConfigurations = (
				A885AC4B290EE138005F7935 /* Debug */,
				A885AC4C290EE138005F7935 /* Release */,
			);
			defaultConfigurationIsVisible = 0;
			defaultConfigurationName = Release;
		};
		A885AC4D290EE138005F7935 /* Build configuration list for PBXNativeTarget "TravelBookUITests" */ = {
			isa = XCConfigurationList;
			buildConfigurations = (
				A885AC4E290EE138005F7935 /* Debug */,
				A885AC4F290EE138005F7935 /* Release */,
			);
			defaultConfigurationIsVisible = 0;
			defaultConfigurationName = Release;
		};
/* End XCConfigurationList section */

/* Begin XCVersionGroup section */
		A885AC26290EE137005F7935 /* TravelBook.xcdatamodeld */ = {
			isa = XCVersionGroup;
			children = (
				A885AC27290EE137005F7935 /* TravelBook.xcdatamodel */,
			);
			currentVersion = A885AC27290EE137005F7935 /* TravelBook.xcdatamodel */;
			path = TravelBook.xcdatamodeld;
			sourceTree = "<group>";
			versionGroupType = wrapper.xcdatamodel;
		};
/* End XCVersionGroup section */
	};
	rootObject = A885AC12290EE136005F7935 /* Project object */;
}
